
Microsoft Visual Studio Solution File, Format Version 12.00
# Visual Studio Version 17
VisualStudioVersion = 17.14.36511.14 d17.14
MinimumVisualStudioVersion = 10.0.40219.1
Project("{FAE04EC0-301F-11D3-BF4B-00C04F79EFBC}") = "client", "ConsoleApp22\client.csproj", "{431965EF-7CA0-4BAA-81C0-C34D74319966}"
EndProject
Project("{FAE04EC0-301F-11D3-BF4B-00C04F79EFBC}") = "server", "ConsoleApp1\server.csproj", "{242D9EF7-320F-40DB-B554-E79A5C081AA8}"
EndProject
Global
	GlobalSection(SolutionConfigurationPlatforms) = preSolution
		Debug|Any CPU = Debug|Any CPU
		Release|Any CPU = Release|Any CPU
	EndGlobalSection
	GlobalSection(ProjectConfigurationPlatforms) = postSolution
		{431965EF-7CA0-4BAA-81C0-C34D74319966}.Debug|Any CPU.ActiveCfg = Debug|Any CPU
		{431965EF-7CA0-4BAA-81C0-C34D74319966}.Debug|Any CPU.Build.0 = Debug|Any CPU
		{431965EF-7CA0-4BAA-81C0-C34D74319966}.Release|Any CPU.ActiveCfg = Release|Any CPU
		{431965EF-7CA0-4BAA-81C0-C34D74319966}.Release|Any CPU.Build.0 = Release|Any CPU
		{242D9EF7-320F-40DB-B554-E79A5C081AA8}.Debug|Any CPU.ActiveCfg = Debug|Any CPU
		{242D9EF7-320F-40DB-B554-E79A5C081AA8}.Debug|Any CPU.Build.0 = Debug|Any CPU
		{242D9EF7-320F-40DB-B554-E79A5C081AA8}.Release|Any CPU.ActiveCfg = Release|Any CPU
		{242D9EF7-320F-40DB-B554-E79A5C081AA8}.Release|Any CPU.Build.0 = Release|Any CPU
	EndGlobalSection
	GlobalSection(SolutionProperties) = preSolution
		HideSolutionNode = FALSE
	EndGlobalSection
	GlobalSection(ExtensibilityGlobals) = postSolution
		SolutionGuid = {69495AB9-775D-4D5A-8304-A29E143EDCFC}
	EndGlobalSection
EndGlobal
